
Microsoft Visual Studio Solution File, Format Version 12.00
# Visual Studio Version 17
VisualStudioVersion = 17.1.32228.430
MinimumVisualStudioVersion = 10.0.40219.1
Project("{9A19103F-16F7-4668-BE54-9A1E7A4F7556}") = "HSEProjectAppBackend.Listener", "HSEProjectAppBackend.Listener\HSEProjectAppBackend.Listener.csproj", "{76ADD245-163B-4A6F-B3E7-0C47AADBB646}"
EndProject
Project("{9A19103F-16F7-4668-BE54-9A1E7A4F7556}") = "HSEProjectAppBackend.Context", "HSEProjectAppBackend.Context\HSEProjectAppBackend.Context.csproj", "{235D3048-A557-4EBC-B6D1-11B7F87DAF8F}"
EndProject
Project("{9A19103F-16F7-4668-BE54-9A1E7A4F7556}") = "HSEProjectAppBackend.Core", "HSEProjectAppBackend.Core\HSEProjectAppBackend.Core.csproj", "{EBD3B92B-7F6E-42DB-8679-3361A96FFD08}"
EndProject
Project("{9A19103F-16F7-4668-BE54-9A1E7A4F7556}") = "HSEProjectAppBackend.UTesting", "HSEProjectAppBackend.UTesting\HSEProjectAppBackend.UTesting.csproj", "{F803833B-610D-482C-AAD5-B510F80BC96D}"
EndProject
Project("{888888A0-9F3D-457C-B088-3A5042F75D52}") = "HSEProjectAppBackendDBManager", "HSEProjectAppBackendDBManager\HSEProjectAppBackendDBManager.pyproj", "{45F67996-93BB-40E4-A549-0497B6252494}"
EndProject
Global
	GlobalSection(SolutionConfigurationPlatforms) = preSolution
		Debug|Any CPU = Debug|Any CPU
		Release|Any CPU = Release|Any CPU
	EndGlobalSection
	GlobalSection(ProjectConfigurationPlatforms) = postSolution
		{76ADD245-163B-4A6F-B3E7-0C47AADBB646}.Debug|Any CPU.ActiveCfg = Debug|Any CPU
		{76ADD245-163B-4A6F-B3E7-0C47AADBB646}.Debug|Any CPU.Build.0 = Debug|Any CPU
		{76ADD245-163B-4A6F-B3E7-0C47AADBB646}.Release|Any CPU.ActiveCfg = Release|Any CPU
		{76ADD245-163B-4A6F-B3E7-0C47AADBB646}.Release|Any CPU.Build.0 = Release|Any CPU
		{235D3048-A557-4EBC-B6D1-11B7F87DAF8F}.Debug|Any CPU.ActiveCfg = Debug|Any CPU
		{235D3048-A557-4EBC-B6D1-11B7F87DAF8F}.Debug|Any CPU.Build.0 = Debug|Any CPU
		{235D3048-A557-4EBC-B6D1-11B7F87DAF8F}.Release|Any CPU.ActiveCfg = Release|Any CPU
		{235D3048-A557-4EBC-B6D1-11B7F87DAF8F}.Release|Any CPU.Build.0 = Release|Any CPU
		{EBD3B92B-7F6E-42DB-8679-3361A96FFD08}.Debug|Any CPU.ActiveCfg = Debug|Any CPU
		{EBD3B92B-7F6E-42DB-8679-3361A96FFD08}.Debug|Any CPU.Build.0 = Debug|Any CPU
		{EBD3B92B-7F6E-42DB-8679-3361A96FFD08}.Release|Any CPU.ActiveCfg = Release|Any CPU
		{EBD3B92B-7F6E-42DB-8679-3361A96FFD08}.Release|Any CPU.Build.0 = Release|Any CPU
		{F803833B-610D-482C-AAD5-B510F80BC96D}.Debug|Any CPU.ActiveCfg = Debug|Any CPU
		{F803833B-610D-482C-AAD5-B510F80BC96D}.Debug|Any CPU.Build.0 = Debug|Any CPU
		{F803833B-610D-482C-AAD5-B510F80BC96D}.Release|Any CPU.ActiveCfg = Release|Any CPU
		{F803833B-610D-482C-AAD5-B510F80BC96D}.Release|Any CPU.Build.0 = Release|Any CPU
		{45F67996-93BB-40E4-A549-0497B6252494}.Debug|Any CPU.ActiveCfg = Debug|Any CPU
		{45F67996-93BB-40E4-A549-0497B6252494}.Release|Any CPU.ActiveCfg = Release|Any CPU
	EndGlobalSection
	GlobalSection(SolutionProperties) = preSolution
		HideSolutionNode = FALSE
	EndGlobalSection
	GlobalSection(ExtensibilityGlobals) = postSolution
		SolutionGuid = {F01DFB4E-7608-42B0-99C6-3D29FA155ABB}
	EndGlobalSection
EndGlobal
